
Microsoft Visual Studio Solution File, Format Version 12.00
# Visual Studio Version 17
VisualStudioVersion = 17.0.31903.59
MinimumVisualStudioVersion = 10.0.40219.1
Project("{FAE04EC0-301F-11D3-BF4B-00C04F79EFBC}") = "Agrigate.Domain", "Agrigate.Domain\Agrigate.Domain.csproj", "{C3AFB96D-4795-4A4D-9D09-A048F9CD9096}"
EndProject
Project("{FAE04EC0-301F-11D3-BF4B-00C04F79EFBC}") = "Agrigate.Api", "Agrigate.Api\Agrigate.Api.csproj", "{65A27609-7F68-4EB2-A6A8-C8DCB7A71A28}"
EndProject
Global
	GlobalSection(SolutionConfigurationPlatforms) = preSolution
		Debug|Any CPU = Debug|Any CPU
		Release|Any CPU = Release|Any CPU
	EndGlobalSection
	GlobalSection(SolutionProperties) = preSolution
		HideSolutionNode = FALSE
	EndGlobalSection
	GlobalSection(ProjectConfigurationPlatforms) = postSolution
		{C3AFB96D-4795-4A4D-9D09-A048F9CD9096}.Debug|Any CPU.ActiveCfg = Debug|Any CPU
		{C3AFB96D-4795-4A4D-9D09-A048F9CD9096}.Debug|Any CPU.Build.0 = Debug|Any CPU
		{C3AFB96D-4795-4A4D-9D09-A048F9CD9096}.Release|Any CPU.ActiveCfg = Release|Any CPU
		{C3AFB96D-4795-4A4D-9D09-A048F9CD9096}.Release|Any CPU.Build.0 = Release|Any CPU
		{65A27609-7F68-4EB2-A6A8-C8DCB7A71A28}.Debug|Any CPU.ActiveCfg = Debug|Any CPU
		{65A27609-7F68-4EB2-A6A8-C8DCB7A71A28}.Debug|Any CPU.Build.0 = Debug|Any CPU
		{65A27609-7F68-4EB2-A6A8-C8DCB7A71A28}.Release|Any CPU.ActiveCfg = Release|Any CPU
		{65A27609-7F68-4EB2-A6A8-C8DCB7A71A28}.Release|Any CPU.Build.0 = Release|Any CPU
	EndGlobalSection
EndGlobal
